
Microsoft Visual Studio Solution File, Format Version 12.00
# Visual Studio Version 17
VisualStudioVersion = 17.0.31903.59
MinimumVisualStudioVersion = 10.0.40219.1
Project("{2150E333-8FDC-42A3-9474-1A3956D46DE8}") = "src", "src", "{827E0CD3-B72D-47B6-A68D-7590B98EB39B}"
EndProject
Project("{FAE04EC0-301F-11D3-BF4B-00C04F79EFBC}") = "Xiaozhi.Core", "src\Xiaozhi.Core\Xiaozhi.Core.csproj", "{92D07973-FDC6-4BF0-AD4E-AFE13C64BBDD}"
EndProject
Project("{FAE04EC0-301F-11D3-BF4B-00C04F79EFBC}") = "Xiaozhi.Audio", "src\Xiaozhi.Audio\Xiaozhi.Audio.csproj", "{D1FBD4EB-851E-410B-882A-EA2E370D74FE}"
EndProject
Project("{FAE04EC0-301F-11D3-BF4B-00C04F79EFBC}") = "Xiaozhi.Protocols", "src\Xiaozhi.Protocols\Xiaozhi.Protocols.csproj", "{80C1AE1D-669D-4BBD-BE8A-25F001D61C1E}"
EndProject
Project("{FAE04EC0-301F-11D3-BF4B-00C04F79EFBC}") = "Xiaozhi.Mcp", "src\Xiaozhi.Mcp\Xiaozhi.Mcp.csproj", "{028A88A3-D245-4938-A8A0-61F221005CF1}"
EndProject
Project("{FAE04EC0-301F-11D3-BF4B-00C04F79EFBC}") = "Xiaozhi.Plugins", "src\Xiaozhi.Plugins\Xiaozhi.Plugins.csproj", "{39102B31-E6A9-44EB-9699-F2780F085219}"
EndProject
Project("{FAE04EC0-301F-11D3-BF4B-00C04F79EFBC}") = "Xiaozhi.App.Wpf", "src\Xiaozhi.App.Wpf\Xiaozhi.App.Wpf.csproj", "{D2F65706-2FC9-4DE4-814A-4939085F38EA}"
EndProject
Global
	GlobalSection(SolutionConfigurationPlatforms) = preSolution
		Debug|Any CPU = Debug|Any CPU
		Debug|x64 = Debug|x64
		Debug|x86 = Debug|x86
		Release|Any CPU = Release|Any CPU
		Release|x64 = Release|x64
		Release|x86 = Release|x86
	EndGlobalSection
	GlobalSection(ProjectConfigurationPlatforms) = postSolution
		{92D07973-FDC6-4BF0-AD4E-AFE13C64BBDD}.Debug|Any CPU.ActiveCfg = Debug|Any CPU
		{92D07973-FDC6-4BF0-AD4E-AFE13C64BBDD}.Debug|Any CPU.Build.0 = Debug|Any CPU
		{92D07973-FDC6-4BF0-AD4E-AFE13C64BBDD}.Debug|x64.ActiveCfg = Debug|Any CPU
		{92D07973-FDC6-4BF0-AD4E-AFE13C64BBDD}.Debug|x64.Build.0 = Debug|Any CPU
		{92D07973-FDC6-4BF0-AD4E-AFE13C64BBDD}.Debug|x86.ActiveCfg = Debug|Any CPU
		{92D07973-FDC6-4BF0-AD4E-AFE13C64BBDD}.Debug|x86.Build.0 = Debug|Any CPU
		{92D07973-FDC6-4BF0-AD4E-AFE13C64BBDD}.Release|Any CPU.ActiveCfg = Release|Any CPU
		{92D07973-FDC6-4BF0-AD4E-AFE13C64BBDD}.Release|Any CPU.Build.0 = Release|Any CPU
		{92D07973-FDC6-4BF0-AD4E-AFE13C64BBDD}.Release|x64.ActiveCfg = Release|Any CPU
		{92D07973-FDC6-4BF0-AD4E-AFE13C64BBDD}.Release|x64.Build.0 = Release|Any CPU
		{92D07973-FDC6-4BF0-AD4E-AFE13C64BBDD}.Release|x86.ActiveCfg = Release|Any CPU
		{92D07973-FDC6-4BF0-AD4E-AFE13C64BBDD}.Release|x86.Build.0 = Release|Any CPU
		{D1FBD4EB-851E-410B-882A-EA2E370D74FE}.Debug|Any CPU.ActiveCfg = Debug|Any CPU
		{D1FBD4EB-851E-410B-882A-EA2E370D74FE}.Debug|Any CPU.Build.0 = Debug|Any CPU
		{D1FBD4EB-851E-410B-882A-EA2E370D74FE}.Debug|x64.ActiveCfg = Debug|Any CPU
		{D1FBD4EB-851E-410B-882A-EA2E370D74FE}.Debug|x64.Build.0 = Debug|Any CPU
		{D1FBD4EB-851E-410B-882A-EA2E370D74FE}.Debug|x86.ActiveCfg = Debug|Any CPU
		{D1FBD4EB-851E-410B-882A-EA2E370D74FE}.Debug|x86.Build.0 = Debug|Any CPU
		{D1FBD4EB-851E-410B-882A-EA2E370D74FE}.Release|Any CPU.ActiveCfg = Release|Any CPU
		{D1FBD4EB-851E-410B-882A-EA2E370D74FE}.Release|Any CPU.Build.0 = Release|Any CPU
		{D1FBD4EB-851E-410B-882A-EA2E370D74FE}.Release|x64.ActiveCfg = Release|Any CPU
		{D1FBD4EB-851E-410B-882A-EA2E370D74FE}.Release|x64.Build.0 = Release|Any CPU
		{D1FBD4EB-851E-410B-882A-EA2E370D74FE}.Release|x86.ActiveCfg = Release|Any CPU
		{D1FBD4EB-851E-410B-882A-EA2E370D74FE}.Release|x86.Build.0 = Release|Any CPU
		{80C1AE1D-669D-4BBD-BE8A-25F001D61C1E}.Debug|Any CPU.ActiveCfg = Debug|Any CPU
		{80C1AE1D-669D-4BBD-BE8A-25F001D61C1E}.Debug|Any CPU.Build.0 = Debug|Any CPU
		{80C1AE1D-669D-4BBD-BE8A-25F001D61C1E}.Debug|x64.ActiveCfg = Debug|Any CPU
		{80C1AE1D-669D-4BBD-BE8A-25F001D61C1E}.Debug|x64.Build.0 = Debug|Any CPU
		{80C1AE1D-669D-4BBD-BE8A-25F001D61C1E}.Debug|x86.ActiveCfg = Debug|Any CPU
		{80C1AE1D-669D-4BBD-BE8A-25F001D61C1E}.Debug|x86.Build.0 = Debug|Any CPU
		{80C1AE1D-669D-4BBD-BE8A-25F001D61C1E}.Release|Any CPU.ActiveCfg = Release|Any CPU
		{80C1AE1D-669D-4BBD-BE8A-25F001D61C1E}.Release|Any CPU.Build.0 = Release|Any CPU
		{80C1AE1D-669D-4BBD-BE8A-25F001D61C1E}.Release|x64.ActiveCfg = Release|Any CPU
		{80C1AE1D-669D-4BBD-BE8A-25F001D61C1E}.Release|x64.Build.0 = Release|Any CPU
		{80C1AE1D-669D-4BBD-BE8A-25F001D61C1E}.Release|x86.ActiveCfg = Release|Any CPU
		{80C1AE1D-669D-4BBD-BE8A-25F001D61C1E}.Release|x86.Build.0 = Release|Any CPU
		{028A88A3-D245-4938-A8A0-61F221005CF1}.Debug|Any CPU.ActiveCfg = Debug|Any CPU
		{028A88A3-D245-4938-A8A0-61F221005CF1}.Debug|Any CPU.Build.0 = Debug|Any CPU
		{028A88A3-D245-4938-A8A0-61F221005CF1}.Debug|x64.ActiveCfg = Debug|Any CPU
		{028A88A3-D245-4938-A8A0-61F221005CF1}.Debug|x64.Build.0 = Debug|Any CPU
		{028A88A3-D245-4938-A8A0-61F221005CF1}.Debug|x86.ActiveCfg = Debug|Any CPU
		{028A88A3-D245-4938-A8A0-61F221005CF1}.Debug|x86.Build.0 = Debug|Any CPU
		{028A88A3-D245-4938-A8A0-61F221005CF1}.Release|Any CPU.ActiveCfg = Release|Any CPU
		{028A88A3-D245-4938-A8A0-61F221005CF1}.Release|Any CPU.Build.0 = Release|Any CPU
		{028A88A3-D245-4938-A8A0-61F221005CF1}.Release|x64.ActiveCfg = Release|Any CPU
		{028A88A3-D245-4938-A8A0-61F221005CF1}.Release|x64.Build.0 = Release|Any CPU
		{028A88A3-D245-4938-A8A0-61F221005CF1}.Release|x86.ActiveCfg = Release|Any CPU
		{028A88A3-D245-4938-A8A0-61F221005CF1}.Release|x86.Build.0 = Release|Any CPU
		{39102B31-E6A9-44EB-9699-F2780F085219}.Debug|Any CPU.ActiveCfg = Debug|Any CPU
		{39102B31-E6A9-44EB-9699-F2780F085219}.Debug|Any CPU.Build.0 = Debug|Any CPU
		{39102B31-E6A9-44EB-9699-F2780F085219}.Debug|x64.ActiveCfg = Debug|Any CPU
		{39102B31-E6A9-44EB-9699-F2780F085219}.Debug|x64.Build.0 = Debug|Any CPU
		{39102B31-E6A9-44EB-9699-F2780F085219}.Debug|x86.ActiveCfg = Debug|Any CPU
		{39102B31-E6A9-44EB-9699-F2780F085219}.Debug|x86.Build.0 = Debug|Any CPU
		{39102B31-E6A9-44EB-9699-F2780F085219}.Release|Any CPU.ActiveCfg = Release|Any CPU
		{39102B31-E6A9-44EB-9699-F2780F085219}.Release|Any CPU.Build.0 = Release|Any CPU
		{39102B31-E6A9-44EB-9699-F2780F085219}.Release|x64.ActiveCfg = Release|Any CPU
		{39102B31-E6A9-44EB-9699-F2780F085219}.Release|x64.Build.0 = Release|Any CPU
		{39102B31-E6A9-44EB-9699-F2780F085219}.Release|x86.ActiveCfg = Release|Any CPU
		{39102B31-E6A9-44EB-9699-F2780F085219}.Release|x86.Build.0 = Release|Any CPU
		{D2F65706-2FC9-4DE4-814A-4939085F38EA}.Debug|Any CPU.ActiveCfg = Debug|Any CPU
		{D2F65706-2FC9-4DE4-814A-4939085F38EA}.Debug|Any CPU.Build.0 = Debug|Any CPU
		{D2F65706-2FC9-4DE4-814A-4939085F38EA}.Debug|x64.ActiveCfg = Debug|Any CPU
		{D2F65706-2FC9-4DE4-814A-4939085F38EA}.Debug|x64.Build.0 = Debug|Any CPU
		{D2F65706-2FC9-4DE4-814A-4939085F38EA}.Debug|x86.ActiveCfg = Debug|Any CPU
		{D2F65706-2FC9-4DE4-814A-4939085F38EA}.Debug|x86.Build.0 = Debug|Any CPU
		{D2F65706-2FC9-4DE4-814A-4939085F38EA}.Release|Any CPU.ActiveCfg = Release|Any CPU
		{D2F65706-2FC9-4DE4-814A-4939085F38EA}.Release|Any CPU.Build.0 = Release|Any CPU
		{D2F65706-2FC9-4DE4-814A-4939085F38EA}.Release|x64.ActiveCfg = Release|Any CPU
		{D2F65706-2FC9-4DE4-814A-4939085F38EA}.Release|x64.Build.0 = Release|Any CPU
		{D2F65706-2FC9-4DE4-814A-4939085F38EA}.Release|x86.ActiveCfg = Release|Any CPU
		{D2F65706-2FC9-4DE4-814A-4939085F38EA}.Release|x86.Build.0 = Release|Any CPU
	EndGlobalSection
	GlobalSection(SolutionProperties) = preSolution
		HideSolutionNode = FALSE
	EndGlobalSection
	GlobalSection(NestedProjects) = preSolution
		{92D07973-FDC6-4BF0-AD4E-AFE13C64BBDD} = {827E0CD3-B72D-47B6-A68D-7590B98EB39B}
		{D1FBD4EB-851E-410B-882A-EA2E370D74FE} = {827E0CD3-B72D-47B6-A68D-7590B98EB39B}
		{80C1AE1D-669D-4BBD-BE8A-25F001D61C1E} = {827E0CD3-B72D-47B6-A68D-7590B98EB39B}
		{028A88A3-D245-4938-A8A0-61F221005CF1} = {827E0CD3-B72D-47B6-A68D-7590B98EB39B}
		{39102B31-E6A9-44EB-9699-F2780F085219} = {827E0CD3-B72D-47B6-A68D-7590B98EB39B}
		{D2F65706-2FC9-4DE4-814A-4939085F38EA} = {827E0CD3-B72D-47B6-A68D-7590B98EB39B}
	EndGlobalSection
EndGlobal
